// !$*UTF8*$!
{
	archiveVersion = 1;
	classes = {
	};
	objectVersion = 55;
	objects = {

/* Begin PBXBuildFile section */
		11990DCA28F8139C000B92E0 /* Pokedex_646235App.swift in Sources */ = {isa = PBXBuildFile; fileRef = 11990DC928F8139C000B92E0 /* Pokedex_646235App.swift */; };
		11990DCC28F8139C000B92E0 /* ContentView.swift in Sources */ = {isa = PBXBuildFile; fileRef = 11990DCB28F8139C000B92E0 /* ContentView.swift */; };
		11990DCE28F8139E000B92E0 /* Assets.xcassets in Resources */ = {isa = PBXBuildFile; fileRef = 11990DCD28F8139E000B92E0 /* Assets.xcassets */; };
		11990DD128F8139E000B92E0 /* Preview Assets.xcassets in Resources */ = {isa = PBXBuildFile; fileRef = 11990DD028F8139E000B92E0 /* Preview Assets.xcassets */; };
		11990DDB28F8139E000B92E0 /* Pokedex_646235Tests.swift in Sources */ = {isa = PBXBuildFile; fileRef = 11990DDA28F8139E000B92E0 /* Pokedex_646235Tests.swift */; };
		11990DE528F8139E000B92E0 /* Pokedex_646235UITests.swift in Sources */ = {isa = PBXBuildFile; fileRef = 11990DE428F8139E000B92E0 /* Pokedex_646235UITests.swift */; };
		11990DE728F8139E000B92E0 /* Pokedex_646235UITestsLaunchTests.swift in Sources */ = {isa = PBXBuildFile; fileRef = 11990DE628F8139E000B92E0 /* Pokedex_646235UITestsLaunchTests.swift */; };
		11990DF928F81728000B92E0 /* AllPokemonsResponse.swift in Sources */ = {isa = PBXBuildFile; fileRef = 11990DF828F81728000B92E0 /* AllPokemonsResponse.swift */; };
		11990DFB28F817A0000B92E0 /* PokeAPI.swift in Sources */ = {isa = PBXBuildFile; fileRef = 11990DFA28F817A0000B92E0 /* PokeAPI.swift */; };
		11990DFD28F817BC000B92E0 /* Pokemon.swift in Sources */ = {isa = PBXBuildFile; fileRef = 11990DFC28F817BC000B92E0 /* Pokemon.swift */; };
		11990DFF28F817D6000B92E0 /* PokemonStore.swift in Sources */ = {isa = PBXBuildFile; fileRef = 11990DFE28F817D6000B92E0 /* PokemonStore.swift */; };
		11990E0228F817F7000B92E0 /* PokemonCell.swift in Sources */ = {isa = PBXBuildFile; fileRef = 11990E0128F817F7000B92E0 /* PokemonCell.swift */; };
		11990E0428F81930000B92E0 /* PokemonDetailView.swift in Sources */ = {isa = PBXBuildFile; fileRef = 11990E0328F81930000B92E0 /* PokemonDetailView.swift */; };
		11990E0628F8196E000B92E0 /* FavoritesView.swift in Sources */ = {isa = PBXBuildFile; fileRef = 11990E0528F8196E000B92E0 /* FavoritesView.swift */; };
		11990E0828F819CE000B92E0 /* PokemonFavorites.swift in Sources */ = {isa = PBXBuildFile; fileRef = 11990E0728F819CE000B92E0 /* PokemonFavorites.swift */; };
		11990E0A28F83C46000B92E0 /* PokemonDetailed.swift in Sources */ = {isa = PBXBuildFile; fileRef = 11990E0928F83C46000B92E0 /* PokemonDetailed.swift */; };
		11990E0C28F83DBB000B92E0 /* PokemonDetailedResponse.swift in Sources */ = {isa = PBXBuildFile; fileRef = 11990E0B28F83DBB000B92E0 /* PokemonDetailedResponse.swift */; };
/* End PBXBuildFile section */

/* Begin PBXContainerItemProxy section */
		11990DD728F8139E000B92E0 /* PBXContainerItemProxy */ = {
			isa = PBXContainerItemProxy;
			containerPortal = 11990DBE28F8139C000B92E0 /* Project object */;
			proxyType = 1;
			remoteGlobalIDString = 11990DC528F8139C000B92E0;
			remoteInfo = "Pokedex 646235";
		};
		11990DE128F8139E000B92E0 /* PBXContainerItemProxy */ = {
			isa = PBXContainerItemProxy;
			containerPortal = 11990DBE28F8139C000B92E0 /* Project object */;
			proxyType = 1;
			remoteGlobalIDString = 11990DC528F8139C000B92E0;
			remoteInfo = "Pokedex 646235";
		};
/* End PBXContainerItemProxy section */

/* Begin PBXFileReference section */
		11990DC628F8139C000B92E0 /* Pokedex 646235.app */ = {isa = PBXFileReference; explicitFileType = wrapper.application; includeInIndex = 0; path = "Pokedex 646235.app"; sourceTree = BUILT_PRODUCTS_DIR; };
		11990DC928F8139C000B92E0 /* Pokedex_646235App.swift */ = {isa = PBXFileReference; lastKnownFileType = sourcecode.swift; path = Pokedex_646235App.swift; sourceTree = "<group>"; };
		11990DCB28F8139C000B92E0 /* ContentView.swift */ = {isa = PBXFileReference; lastKnownFileType = sourcecode.swift; path = ContentView.swift; sourceTree = "<group>"; };
		11990DCD28F8139E000B92E0 /* Assets.xcassets */ = {isa = PBXFileReference; lastKnownFileType = folder.assetcatalog; path = Assets.xcassets; sourceTree = "<group>"; };
		11990DD028F8139E000B92E0 /* Preview Assets.xcassets */ = {isa = PBXFileReference; lastKnownFileType = folder.assetcatalog; path = "Preview Assets.xcassets"; sourceTree = "<group>"; };
		11990DD628F8139E000B92E0 /* Pokedex 646235Tests.xctest */ = {isa = PBXFileReference; explicitFileType = wrapper.cfbundle; includeInIndex = 0; path = "Pokedex 646235Tests.xctest"; sourceTree = BUILT_PRODUCTS_DIR; };
		11990DDA28F8139E000B92E0 /* Pokedex_646235Tests.swift */ = {isa = PBXFileReference; lastKnownFileType = sourcecode.swift; path = Pokedex_646235Tests.swift; sourceTree = "<group>"; };
		11990DE028F8139E000B92E0 /* Pokedex 646235UITests.xctest */ = {isa = PBXFileReference; explicitFileType = wrapper.cfbundle; includeInIndex = 0; path = "Pokedex 646235UITests.xctest"; sourceTree = BUILT_PRODUCTS_DIR; };
		11990DE428F8139E000B92E0 /* Pokedex_646235UITests.swift */ = {isa = PBXFileReference; lastKnownFileType = sourcecode.swift; path = Pokedex_646235UITests.swift; sourceTree = "<group>"; };
		11990DE628F8139E000B92E0 /* Pokedex_646235UITestsLaunchTests.swift */ = {isa = PBXFileReference; lastKnownFileType = sourcecode.swift; path = Pokedex_646235UITestsLaunchTests.swift; sourceTree = "<group>"; };
		11990DF828F81728000B92E0 /* AllPokemonsResponse.swift */ = {isa = PBXFileReference; lastKnownFileType = sourcecode.swift; path = AllPokemonsResponse.swift; sourceTree = "<group>"; };
		11990DFA28F817A0000B92E0 /* PokeAPI.swift */ = {isa = PBXFileReference; lastKnownFileType = sourcecode.swift; path = PokeAPI.swift; sourceTree = "<group>"; };
		11990DFC28F817BC000B92E0 /* Pokemon.swift */ = {isa = PBXFileReference; lastKnownFileType = sourcecode.swift; path = Pokemon.swift; sourceTree = "<group>"; };
		11990DFE28F817D6000B92E0 /* PokemonStore.swift */ = {isa = PBXFileReference; lastKnownFileType = sourcecode.swift; path = PokemonStore.swift; sourceTree = "<group>"; };
		11990E0128F817F7000B92E0 /* PokemonCell.swift */ = {isa = PBXFileReference; lastKnownFileType = sourcecode.swift; path = PokemonCell.swift; sourceTree = "<group>"; };
		11990E0328F81930000B92E0 /* PokemonDetailView.swift */ = {isa = PBXFileReference; lastKnownFileType = sourcecode.swift; path = PokemonDetailView.swift; sourceTree = "<group>"; };
		11990E0528F8196E000B92E0 /* FavoritesView.swift */ = {isa = PBXFileReference; lastKnownFileType = sourcecode.swift; path = FavoritesView.swift; sourceTree = "<group>"; };
		11990E0728F819CE000B92E0 /* PokemonFavorites.swift */ = {isa = PBXFileReference; lastKnownFileType = sourcecode.swift; path = PokemonFavorites.swift; sourceTree = "<group>"; };
		11990E0928F83C46000B92E0 /* PokemonDetailed.swift */ = {isa = PBXFileReference; lastKnownFileType = sourcecode.swift; path = PokemonDetailed.swift; sourceTree = "<group>"; };
		11990E0B28F83DBB000B92E0 /* PokemonDetailedResponse.swift */ = {isa = PBXFileReference; lastKnownFileType = sourcecode.swift; path = PokemonDetailedResponse.swift; sourceTree = "<group>"; };
/* End PBXFileReference section */

/* Begin PBXFrameworksBuildPhase section */
		11990DC328F8139C000B92E0 /* Frameworks */ = {
			isa = PBXFrameworksBuildPhase;
			buildActionMask = 2147483647;
			files = (
			);
			runOnlyForDeploymentPostprocessing = 0;
		};
		11990DD328F8139E000B92E0 /* Frameworks */ = {
			isa = PBXFrameworksBuildPhase;
			buildActionMask = 2147483647;
			files = (
			);
			runOnlyForDeploymentPostprocessing = 0;
		};
		11990DDD28F8139E000B92E0 /* Frameworks */ = {
			isa = PBXFrameworksBuildPhase;
			buildActionMask = 2147483647;
			files = (
			);
			runOnlyForDeploymentPostprocessing = 0;
		};
/* End PBXFrameworksBuildPhase section */

/* Begin PBXGroup section */
		11990DBD28F8139C000B92E0 = {
			isa = PBXGroup;
			children = (
				11990DC828F8139C000B92E0 /* Pokedex 646235 */,
				11990DD928F8139E000B92E0 /* Pokedex 646235Tests */,
				11990DE328F8139E000B92E0 /* Pokedex 646235UITests */,
				11990DC728F8139C000B92E0 /* Products */,
			);
			sourceTree = "<group>";
		};
		11990DC728F8139C000B92E0 /* Products */ = {
			isa = PBXGroup;
			children = (
				11990DC628F8139C000B92E0 /* Pokedex 646235.app */,
				11990DD628F8139E000B92E0 /* Pokedex 646235Tests.xctest */,
				11990DE028F8139E000B92E0 /* Pokedex 646235UITests.xctest */,
			);
			name = Products;
			sourceTree = "<group>";
		};
		11990DC828F8139C000B92E0 /* Pokedex 646235 */ = {
			isa = PBXGroup;
			children = (
				11990E0028F817EA000B92E0 /* Views */,
				11990DF728F8170B000B92E0 /* Store */,
				11990DF628F81707000B92E0 /* Models */,
				11990DF428F816F0000B92E0 /* Api */,
				11990DC928F8139C000B92E0 /* Pokedex_646235App.swift */,
				11990DCB28F8139C000B92E0 /* ContentView.swift */,
				11990DCD28F8139E000B92E0 /* Assets.xcassets */,
				11990DCF28F8139E000B92E0 /* Preview Content */,
			);
			path = "Pokedex 646235";
			sourceTree = "<group>";
		};
		11990DCF28F8139E000B92E0 /* Preview Content */ = {
			isa = PBXGroup;
			children = (
				11990DD028F8139E000B92E0 /* Preview Assets.xcassets */,
			);
			path = "Preview Content";
			sourceTree = "<group>";
		};
		11990DD928F8139E000B92E0 /* Pokedex 646235Tests */ = {
			isa = PBXGroup;
			children = (
				11990DDA28F8139E000B92E0 /* Pokedex_646235Tests.swift */,
			);
			path = "Pokedex 646235Tests";
			sourceTree = "<group>";
		};
		11990DE328F8139E000B92E0 /* Pokedex 646235UITests */ = {
			isa = PBXGroup;
			children = (
				11990DE428F8139E000B92E0 /* Pokedex_646235UITests.swift */,
				11990DE628F8139E000B92E0 /* Pokedex_646235UITestsLaunchTests.swift */,
			);
			path = "Pokedex 646235UITests";
			sourceTree = "<group>";
		};
		11990DF428F816F0000B92E0 /* Api */ = {
			isa = PBXGroup;
			children = (
				11990DF528F816FA000B92E0 /* Entities */,
				11990DFA28F817A0000B92E0 /* PokeAPI.swift */,
			);
			path = Api;
			sourceTree = "<group>";
		};
		11990DF528F816FA000B92E0 /* Entities */ = {
			isa = PBXGroup;
			children = (
				11990DF828F81728000B92E0 /* AllPokemonsResponse.swift */,
				11990E0B28F83DBB000B92E0 /* PokemonDetailedResponse.swift */,
			);
			path = Entities;
			sourceTree = "<group>";
		};
		11990DF628F81707000B92E0 /* Models */ = {
			isa = PBXGroup;
			children = (
				11990DFC28F817BC000B92E0 /* Pokemon.swift */,
				11990E0728F819CE000B92E0 /* PokemonFavorites.swift */,
				11990E0928F83C46000B92E0 /* PokemonDetailed.swift */,
			);
			path = Models;
			sourceTree = "<group>";
		};
		11990DF728F8170B000B92E0 /* Store */ = {
			isa = PBXGroup;
			children = (
				11990DFE28F817D6000B92E0 /* PokemonStore.swift */,
			);
			path = Store;
			sourceTree = "<group>";
		};
		11990E0028F817EA000B92E0 /* Views */ = {
			isa = PBXGroup;
			children = (
				11990E0128F817F7000B92E0 /* PokemonCell.swift */,
				11990E0328F81930000B92E0 /* PokemonDetailView.swift */,
				11990E0528F8196E000B92E0 /* FavoritesView.swift */,
			);
			path = Views;
			sourceTree = "<group>";
		};
/* End PBXGroup section */

/* Begin PBXNativeTarget section */
		11990DC528F8139C000B92E0 /* Pokedex 646235 */ = {
			isa = PBXNativeTarget;
			buildConfigurationList = 11990DEA28F8139E000B92E0 /* Build configuration list for PBXNativeTarget "Pokedex 646235" */;
			buildPhases = (
				11990DC228F8139C000B92E0 /* Sources */,
				11990DC328F8139C000B92E0 /* Frameworks */,
				11990DC428F8139C000B92E0 /* Resources */,
			);
			buildRules = (
			);
			dependencies = (
			);
			name = "Pokedex 646235";
			productName = "Pokedex 646235";
			productReference = 11990DC628F8139C000B92E0 /* Pokedex 646235.app */;
			productType = "com.apple.product-type.application";
		};
		11990DD528F8139E000B92E0 /* Pokedex 646235Tests */ = {
			isa = PBXNativeTarget;
			buildConfigurationList = 11990DED28F8139E000B92E0 /* Build configuration list for PBXNativeTarget "Pokedex 646235Tests" */;
			buildPhases = (
				11990DD228F8139E000B92E0 /* Sources */,
				11990DD328F8139E000B92E0 /* Frameworks */,
				11990DD428F8139E000B92E0 /* Resources */,
			);
			buildRules = (
			);
			dependencies = (
				11990DD828F8139E000B92E0 /* PBXTargetDependency */,
			);
			name = "Pokedex 646235Tests";
			productName = "Pokedex 646235Tests";
			productReference = 11990DD628F8139E000B92E0 /* Pokedex 646235Tests.xctest */;
			productType = "com.apple.product-type.bundle.unit-test";
		};
		11990DDF28F8139E000B92E0 /* Pokedex 646235UITests */ = {
			isa = PBXNativeTarget;
			buildConfigurationList = 11990DF028F8139E000B92E0 /* Build configuration list for PBXNativeTarget "Pokedex 646235UITests" */;
			buildPhases = (
				11990DDC28F8139E000B92E0 /* Sources */,
				11990DDD28F8139E000B92E0 /* Frameworks */,
				11990DDE28F8139E000B92E0 /* Resources */,
			);
			buildRules = (
			);
			dependencies = (
				11990DE228F8139E000B92E0 /* PBXTargetDependency */,
			);
			name = "Pokedex 646235UITests";
			productName = "Pokedex 646235UITests";
			productReference = 11990DE028F8139E000B92E0 /* Pokedex 646235UITests.xctest */;
			productType = "com.apple.product-type.bundle.ui-testing";
		};
/* End PBXNativeTarget section */

/* Begin PBXProject section */
		11990DBE28F8139C000B92E0 /* Project object */ = {
			isa = PBXProject;
			attributes = {
				BuildIndependentTargetsInParallel = 1;
				LastSwiftUpdateCheck = 1340;
				LastUpgradeCheck = 1340;
				TargetAttributes = {
					11990DC528F8139C000B92E0 = {
						CreatedOnToolsVersion = 13.4;
					};
					11990DD528F8139E000B92E0 = {
						CreatedOnToolsVersion = 13.4;
						TestTargetID = 11990DC528F8139C000B92E0;
					};
					11990DDF28F8139E000B92E0 = {
						CreatedOnToolsVersion = 13.4;
						TestTargetID = 11990DC528F8139C000B92E0;
					};
				};
			};
			buildConfigurationList = 11990DC128F8139C000B92E0 /* Build configuration list for PBXProject "Pokedex 646235" */;
			compatibilityVersion = "Xcode 13.0";
			developmentRegion = en;
			hasScannedForEncodings = 0;
			knownRegions = (
				en,
				Base,
			);
			mainGroup = 11990DBD28F8139C000B92E0;
			productRefGroup = 11990DC728F8139C000B92E0 /* Products */;
			projectDirPath = "";
			projectRoot = "";
			targets = (
				11990DC528F8139C000B92E0 /* Pokedex 646235 */,
				11990DD528F8139E000B92E0 /* Pokedex 646235Tests */,
				11990DDF28F8139E000B92E0 /* Pokedex 646235UITests */,
			);
		};
/* End PBXProject section */

/* Begin PBXResourcesBuildPhase section */
		11990DC428F8139C000B92E0 /* Resources */ = {
			isa = PBXResourcesBuildPhase;
			buildActionMask = 2147483647;
			files = (
				11990DD128F8139E000B92E0 /* Preview Assets.xcassets in Resources */,
				11990DCE28F8139E000B92E0 /* Assets.xcassets in Resources */,
			);
			runOnlyForDeploymentPostprocessing = 0;
		};
		11990DD428F8139E000B92E0 /* Resources */ = {
			isa = PBXResourcesBuildPhase;
			buildActionMask = 2147483647;
			files = (
			);
			runOnlyForDeploymentPostprocessing = 0;
		};
		11990DDE28F8139E000B92E0 /* Resources */ = {
			isa = PBXResourcesBuildPhase;
			buildActionMask = 2147483647;
			files = (
			);
			runOnlyForDeploymentPostprocessing = 0;
		};
/* End PBXResourcesBuildPhase section */

/* Begin PBXSourcesBuildPhase section */
		11990DC228F8139C000B92E0 /* Sources */ = {
			isa = PBXSourcesBuildPhase;
			buildActionMask = 2147483647;
			files = (
				11990E0C28F83DBB000B92E0 /* PokemonDetailedResponse.swift in Sources */,
				11990DFD28F817BC000B92E0 /* Pokemon.swift in Sources */,
				11990E0428F81930000B92E0 /* PokemonDetailView.swift in Sources */,
				11990DFF28F817D6000B92E0 /* PokemonStore.swift in Sources */,
				11990E0828F819CE000B92E0 /* PokemonFavorites.swift in Sources */,
				11990DCC28F8139C000B92E0 /* ContentView.swift in Sources */,
				11990DFB28F817A0000B92E0 /* PokeAPI.swift in Sources */,
				11990DF928F81728000B92E0 /* AllPokemonsResponse.swift in Sources */,
				11990E0228F817F7000B92E0 /* PokemonCell.swift in Sources */,
				11990E0A28F83C46000B92E0 /* PokemonDetailed.swift in Sources */,
				11990DCA28F8139C000B92E0 /* Pokedex_646235App.swift in Sources */,
				11990E0628F8196E000B92E0 /* FavoritesView.swift in Sources */,
			);
			runOnlyForDeploymentPostprocessing = 0;
		};
		11990DD228F8139E000B92E0 /* Sources */ = {
			isa = PBXSourcesBuildPhase;
			buildActionMask = 2147483647;
			files = (
				11990DDB28F8139E000B92E0 /* Pokedex_646235Tests.swift in Sources */,
			);
			runOnlyForDeploymentPostprocessing = 0;
		};
		11990DDC28F8139E000B92E0 /* Sources */ = {
			isa = PBXSourcesBuildPhase;
			buildActionMask = 2147483647;
			files = (
				11990DE528F8139E000B92E0 /* Pokedex_646235UITests.swift in Sources */,
				11990DE728F8139E000B92E0 /* Pokedex_646235UITestsLaunchTests.swift in Sources */,
			);
			runOnlyForDeploymentPostprocessing = 0;
		};
/* End PBXSourcesBuildPhase section */

/* Begin PBXTargetDependency section */
		11990DD828F8139E000B92E0 /* PBXTargetDependency */ = {
			isa = PBXTargetDependency;
			target = 11990DC528F8139C000B92E0 /* Pokedex 646235 */;
			targetProxy = 11990DD728F8139E000B92E0 /* PBXContainerItemProxy */;
		};
		11990DE228F8139E000B92E0 /* PBXTargetDependency */ = {
			isa = PBXTargetDependency;
			target = 11990DC528F8139C000B92E0 /* Pokedex 646235 */;
			targetProxy = 11990DE128F8139E000B92E0 /* PBXContainerItemProxy */;
		};
/* End PBXTargetDependency section */

/* Begin XCBuildConfiguration section */
		11990DE828F8139E000B92E0 /* Debug */ = {
			isa = XCBuildConfiguration;
			buildSettings = {
				ALWAYS_SEARCH_USER_PATHS = NO;
				CLANG_ANALYZER_NONNULL = YES;
				CLANG_ANALYZER_NUMBER_OBJECT_CONVERSION = YES_AGGRESSIVE;
				CLANG_CXX_LANGUAGE_STANDARD = "gnu++17";
				CLANG_ENABLE_MODULES = YES;
				CLANG_ENABLE_OBJC_ARC = YES;
				CLANG_ENABLE_OBJC_WEAK = YES;
				CLANG_WARN_BLOCK_CAPTURE_AUTORELEASING = YES;
				CLANG_WARN_BOOL_CONVERSION = YES;
				CLANG_WARN_COMMA = YES;
				CLANG_WARN_CONSTANT_CONVERSION = YES;
				CLANG_WARN_DEPRECATED_OBJC_IMPLEMENTATIONS = YES;
				CLANG_WARN_DIRECT_OBJC_ISA_USAGE = YES_ERROR;
				CLANG_WARN_DOCUMENTATION_COMMENTS = YES;
				CLANG_WARN_EMPTY_BODY = YES;
				CLANG_WARN_ENUM_CONVERSION = YES;
				CLANG_WARN_INFINITE_RECURSION = YES;
				CLANG_WARN_INT_CONVERSION = YES;
				CLANG_WARN_NON_LITERAL_NULL_CONVERSION = YES;
				CLANG_WARN_OBJC_IMPLICIT_RETAIN_SELF = YES;
				CLANG_WARN_OBJC_LITERAL_CONVERSION = YES;
				CLANG_WARN_OBJC_ROOT_CLASS = YES_ERROR;
				CLANG_WARN_QUOTED_INCLUDE_IN_FRAMEWORK_HEADER = YES;
				CLANG_WARN_RANGE_LOOP_ANALYSIS = YES;
				CLANG_WARN_STRICT_PROTOTYPES = YES;
				CLANG_WARN_SUSPICIOUS_MOVE = YES;
				CLANG_WARN_UNGUARDED_AVAILABILITY = YES_AGGRESSIVE;
				CLANG_WARN_UNREACHABLE_CODE = YES;
				CLANG_WARN__DUPLICATE_METHOD_MATCH = YES;
				COPY_PHASE_STRIP = NO;
				DEBUG_INFORMATION_FORMAT = dwarf;
				ENABLE_STRICT_OBJC_MSGSEND = YES;
				ENABLE_TESTABILITY = YES;
				GCC_C_LANGUAGE_STANDARD = gnu11;
				GCC_DYNAMIC_NO_PIC = NO;
				GCC_NO_COMMON_BLOCKS = YES;
				GCC_OPTIMIZATION_LEVEL = 0;
				GCC_PREPROCESSOR_DEFINITIONS = (
					"DEBUG=1",
					"$(inherited)",
				);
				GCC_WARN_64_TO_32_BIT_CONVERSION = YES;
				GCC_WARN_ABOUT_RETURN_TYPE = YES_ERROR;
				GCC_WARN_UNDECLARED_SELECTOR = YES;
				GCC_WARN_UNINITIALIZED_AUTOS = YES_AGGRESSIVE;
				GCC_WARN_UNUSED_FUNCTION = YES;
				GCC_WARN_UNUSED_VARIABLE = YES;
				IPHONEOS_DEPLOYMENT_TARGET = 15.5;
				MTL_ENABLE_DEBUG_INFO = INCLUDE_SOURCE;
				MTL_FAST_MATH = YES;
				ONLY_ACTIVE_ARCH = YES;
				SDKROOT = iphoneos;
				SWIFT_ACTIVE_COMPILATION_CONDITIONS = DEBUG;
				SWIFT_OPTIMIZATION_LEVEL = "-Onone";
			};
			name = Debug;
		};
		11990DE928F8139E000B92E0 /* Release */ = {
			isa = XCBuildConfiguration;
			buildSettings = {
				ALWAYS_SEARCH_USER_PATHS = NO;
				CLANG_ANALYZER_NONNULL = YES;
				CLANG_ANALYZER_NUMBER_OBJECT_CONVERSION = YES_AGGRESSIVE;
				CLANG_CXX_LANGUAGE_STANDARD = "gnu++17";
				CLANG_ENABLE_MODULES = YES;
				CLANG_ENABLE_OBJC_ARC = YES;
				CLANG_ENABLE_OBJC_WEAK = YES;
				CLANG_WARN_BLOCK_CAPTURE_AUTORELEASING = YES;
				CLANG_WARN_BOOL_CONVERSION = YES;
				CLANG_WARN_COMMA = YES;
				CLANG_WARN_CONSTANT_CONVERSION = YES;
				CLANG_WARN_DEPRECATED_OBJC_IMPLEMENTATIONS = YES;
				CLANG_WARN_DIRECT_OBJC_ISA_USAGE = YES_ERROR;
				CLANG_WARN_DOCUMENTATION_COMMENTS = YES;
				CLANG_WARN_EMPTY_BODY = YES;
				CLANG_WARN_ENUM_CONVERSION = YES;
				CLANG_WARN_INFINITE_RECURSION = YES;
				CLANG_WARN_INT_CONVERSION = YES;
				CLANG_WARN_NON_LITERAL_NULL_CONVERSION = YES;
				CLANG_WARN_OBJC_IMPLICIT_RETAIN_SELF = YES;
				CLANG_WARN_OBJC_LITERAL_CONVERSION = YES;
				CLANG_WARN_OBJC_ROOT_CLASS = YES_ERROR;
				CLANG_WARN_QUOTED_INCLUDE_IN_FRAMEWORK_HEADER = YES;
				CLANG_WARN_RANGE_LOOP_ANALYSIS = YES;
				CLANG_WARN_STRICT_PROTOTYPES = YES;
				CLANG_WARN_SUSPICIOUS_MOVE = YES;
				CLANG_WARN_UNGUARDED_AVAILABILITY = YES_AGGRESSIVE;
				CLANG_WARN_UNREACHABLE_CODE = YES;
				CLANG_WARN__DUPLICATE_METHOD_MATCH = YES;
				COPY_PHASE_STRIP = NO;
				DEBUG_INFORMATION_FORMAT = "dwarf-with-dsym";
				ENABLE_NS_ASSERTIONS = NO;
				ENABLE_STRICT_OBJC_MSGSEND = YES;
				GCC_C_LANGUAGE_STANDARD = gnu11;
				GCC_NO_COMMON_BLOCKS = YES;
				GCC_WARN_64_TO_32_BIT_CONVERSION = YES;
				GCC_WARN_ABOUT_RETURN_TYPE = YES_ERROR;
				GCC_WARN_UNDECLARED_SELECTOR = YES;
				GCC_WARN_UNINITIALIZED_AUTOS = YES_AGGRESSIVE;
				GCC_WARN_UNUSED_FUNCTION = YES;
				GCC_WARN_UNUSED_VARIABLE = YES;
				IPHONEOS_DEPLOYMENT_TARGET = 15.5;
				MTL_ENABLE_DEBUG_INFO = NO;
				MTL_FAST_MATH = YES;
				SDKROOT = iphoneos;
				SWIFT_COMPILATION_MODE = wholemodule;
				SWIFT_OPTIMIZATION_LEVEL = "-O";
				VALIDATE_PRODUCT = YES;
			};
			name = Release;
		};
		11990DEB28F8139E000B92E0 /* Debug */ = {
			isa = XCBuildConfiguration;
			buildSettings = {
				ASSETCATALOG_COMPILER_APPICON_NAME = AppIcon;
				ASSETCATALOG_COMPILER_GLOBAL_ACCENT_COLOR_NAME = AccentColor;
				CODE_SIGN_STYLE = Automatic;
				CURRENT_PROJECT_VERSION = 1;
				DEVELOPMENT_ASSET_PATHS = "\"Pokedex 646235/Preview Content\"";
				DEVELOPMENT_TEAM = SGPD5K45H7;
				ENABLE_PREVIEWS = YES;
				GENERATE_INFOPLIST_FILE = YES;
				INFOPLIST_KEY_UIApplicationSceneManifest_Generation = YES;
				INFOPLIST_KEY_UIApplicationSupportsIndirectInputEvents = YES;
				INFOPLIST_KEY_UILaunchScreen_Generation = YES;
				INFOPLIST_KEY_UISupportedInterfaceOrientations_iPad = "UIInterfaceOrientationPortrait UIInterfaceOrientationPortraitUpsideDown UIInterfaceOrientationLandscapeLeft UIInterfaceOrientationLandscapeRight";
				INFOPLIST_KEY_UISupportedInterfaceOrientations_iPhone = "UIInterfaceOrientationPortrait UIInterfaceOrientationLandscapeLeft UIInterfaceOrientationLandscapeRight";
				LD_RUNPATH_SEARCH_PATHS = (
					"$(inherited)",
					"@executable_path/Frameworks",
				);
				MARKETING_VERSION = 1.0;
				PRODUCT_BUNDLE_IDENTIFIER = "nl.brijer.sander.Pokedex-646235";
				PRODUCT_NAME = "$(TARGET_NAME)";
				SWIFT_EMIT_LOC_STRINGS = YES;
				SWIFT_VERSION = 5.0;
				TARGETED_DEVICE_FAMILY = "1,2";
			};
			name = Debug;
		};
		11990DEC28F8139E000B92E0 /* Release */ = {
			isa = XCBuildConfiguration;
			buildSettings = {
				ASSETCATALOG_COMPILER_APPICON_NAME = AppIcon;
				ASSETCATALOG_COMPILER_GLOBAL_ACCENT_COLOR_NAME = AccentColor;
				CODE_SIGN_STYLE = Automatic;
				CURRENT_PROJECT_VERSION = 1;
				DEVELOPMENT_ASSET_PATHS = "\"Pokedex 646235/Preview Content\"";
				DEVELOPMENT_TEAM = SGPD5K45H7;
				ENABLE_PREVIEWS = YES;
				GENERATE_INFOPLIST_FILE = YES;
				INFOPLIST_KEY_UIApplicationSceneManifest_Generation = YES;
				INFOPLIST_KEY_UIApplicationSupportsIndirectInputEvents = YES;
				INFOPLIST_KEY_UILaunchScreen_Generation = YES;
				INFOPLIST_KEY_UISupportedInterfaceOrientations_iPad = "UIInterfaceOrientationPortrait UIInterfaceOrientationPortraitUpsideDown UIInterfaceOrientationLandscapeLeft UIInterfaceOrientationLandscapeRight";
				INFOPLIST_KEY_UISupportedInterfaceOrientations_iPhone = "UIInterfaceOrientationPortrait UIInterfaceOrientationLandscapeLeft UIInterfaceOrientationLandscapeRight";
				LD_RUNPATH_SEARCH_PATHS = (
					"$(inherited)",
					"@executable_path/Frameworks",
				);
				MARKETING_VERSION = 1.0;
				PRODUCT_BUNDLE_IDENTIFIER = "nl.brijer.sander.Pokedex-646235";
				PRODUCT_NAME = "$(TARGET_NAME)";
				SWIFT_EMIT_LOC_STRINGS = YES;
				SWIFT_VERSION = 5.0;
				TARGETED_DEVICE_FAMILY = "1,2";
			};
			name = Release;
		};
		11990DEE28F8139E000B92E0 /* Debug */ = {
			isa = XCBuildConfiguration;
			buildSettings = {
				ALWAYS_EMBED_SWIFT_STANDARD_LIBRARIES = YES;
				BUNDLE_LOADER = "$(TEST_HOST)";
				CODE_SIGN_STYLE = Automatic;
				CURRENT_PROJECT_VERSION = 1;
				DEVELOPMENT_TEAM = SGPD5K45H7;
				GENERATE_INFOPLIST_FILE = YES;
				IPHONEOS_DEPLOYMENT_TARGET = 15.5;
				MARKETING_VERSION = 1.0;
				PRODUCT_BUNDLE_IDENTIFIER = "nl.brijer.sander.Pokedex-646235Tests";
				PRODUCT_NAME = "$(TARGET_NAME)";
				SWIFT_EMIT_LOC_STRINGS = NO;
				SWIFT_VERSION = 5.0;
				TARGETED_DEVICE_FAMILY = "1,2";
				TEST_HOST = "$(BUILT_PRODUCTS_DIR)/Pokedex 646235.app/Pokedex 646235";
			};
			name = Debug;
		};
		11990DEF28F8139E000B92E0 /* Release */ = {
			isa = XCBuildConfiguration;
			buildSettings = {
				ALWAYS_EMBED_SWIFT_STANDARD_LIBRARIES = YES;
				BUNDLE_LOADER = "$(TEST_HOST)";
				CODE_SIGN_STYLE = Automatic;
				CURRENT_PROJECT_VERSION = 1;
				DEVELOPMENT_TEAM = SGPD5K45H7;
				GENERATE_INFOPLIST_FILE = YES;
				IPHONEOS_DEPLOYMENT_TARGET = 15.5;
				MARKETING_VERSION = 1.0;
				PRODUCT_BUNDLE_IDENTIFIER = "nl.brijer.sander.Pokedex-646235Tests";
				PRODUCT_NAME = "$(TARGET_NAME)";
				SWIFT_EMIT_LOC_STRINGS = NO;
				SWIFT_VERSION = 5.0;
				TARGETED_DEVICE_FAMILY = "1,2";
				TEST_HOST = "$(BUILT_PRODUCTS_DIR)/Pokedex 646235.app/Pokedex 646235";
			};
			name = Release;
		};
		11990DF128F8139E000B92E0 /* Debug */ = {
			isa = XCBuildConfiguration;
			buildSettings = {
				ALWAYS_EMBED_SWIFT_STANDARD_LIBRARIES = YES;
				CODE_SIGN_STYLE = Automatic;
				CURRENT_PROJECT_VERSION = 1;
				DEVELOPMENT_TEAM = SGPD5K45H7;
				GENERATE_INFOPLIST_FILE = YES;
				MARKETING_VERSION = 1.0;
				PRODUCT_BUNDLE_IDENTIFIER = "nl.brijer.sander.Pokedex-646235UITests";
				PRODUCT_NAME = "$(TARGET_NAME)";
				SWIFT_EMIT_LOC_STRINGS = NO;
				SWIFT_VERSION = 5.0;
				TARGETED_DEVICE_FAMILY = "1,2";
				TEST_TARGET_NAME = "Pokedex 646235";
			};
			name = Debug;
		};
		11990DF228F8139E000B92E0 /* Release */ = {
			isa = XCBuildConfiguration;
			buildSettings = {
				ALWAYS_EMBED_SWIFT_STANDARD_LIBRARIES = YES;
				CODE_SIGN_STYLE = Automatic;
				CURRENT_PROJECT_VERSION = 1;
				DEVELOPMENT_TEAM = SGPD5K45H7;
				GENERATE_INFOPLIST_FILE = YES;
				MARKETING_VERSION = 1.0;
				PRODUCT_BUNDLE_IDENTIFIER = "nl.brijer.sander.Pokedex-646235UITests";
				PRODUCT_NAME = "$(TARGET_NAME)";
				SWIFT_EMIT_LOC_STRINGS = NO;
				SWIFT_VERSION = 5.0;
				TARGETED_DEVICE_FAMILY = "1,2";
				TEST_TARGET_NAME = "Pokedex 646235";
			};
			name = Release;
		};
/* End XCBuildConfiguration section */

/* Begin XCConfigurationList section */
		11990DC128F8139C000B92E0 /* Build configuration list for PBXProject "Pokedex 646235" */ = {
			isa = XCConfigurationList;
			buildConfigurations = (
				11990DE828F8139E000B92E0 /* Debug */,
				11990DE928F8139E000B92E0 /* Release */,
			);
			defaultConfigurationIsVisible = 0;
			defaultConfigurationName = Release;
		};
		11990DEA28F8139E000B92E0 /* Build configuration list for PBXNativeTarget "Pokedex 646235" */ = {
			isa = XCConfigurationList;
			buildConfigurations = (
				11990DEB28F8139E000B92E0 /* Debug */,
				11990DEC28F8139E000B92E0 /* Release */,
			);
			defaultConfigurationIsVisible = 0;
			defaultConfigurationName = Release;
		};
		11990DED28F8139E000B92E0 /* Build configuration list for PBXNativeTarget "Pokedex 646235Tests" */ = {
			isa = XCConfigurationList;
			buildConfigurations = (
				11990DEE28F8139E000B92E0 /* Debug */,
				11990DEF28F8139E000B92E0 /* Release */,
			);
			defaultConfigurationIsVisible = 0;
			defaultConfigurationName = Release;
		};
		11990DF028F8139E000B92E0 /* Build configuration list for PBXNativeTarget "Pokedex 646235UITests" */ = {
			isa = XCConfigurationList;
			buildConfigurations = (
				11990DF128F8139E000B92E0 /* Debug */,
				11990DF228F8139E000B92E0 /* Release */,
			);
			defaultConfigurationIsVisible = 0;
			defaultConfigurationName = Release;
		};
/* End XCConfigurationList section */
	};
	rootObject = 11990DBE28F8139C000B92E0 /* Project object */;
}
